
Microsoft Visual Studio Solution File, Format Version 12.00
# Visual Studio Version 17
VisualStudioVersion = 17.5.002.0
MinimumVisualStudioVersion = 10.0.40219.1
Project("{9A19103F-16F7-4668-BE54-9A1E7A4F7556}") = "Content.Client", "Content.Client.csproj", "{5C8475D4-00C2-4D79-9069-8FE09AAEAB9A}"
EndProject
Global
	GlobalSection(SolutionConfigurationPlatforms) = preSolution
		Debug|Any CPU = Debug|Any CPU
		Release|Any CPU = Release|Any CPU
	EndGlobalSection
	GlobalSection(ProjectConfigurationPlatforms) = postSolution
		{5C8475D4-00C2-4D79-9069-8FE09AAEAB9A}.Debug|Any CPU.ActiveCfg = Debug|Any CPU
		{5C8475D4-00C2-4D79-9069-8FE09AAEAB9A}.Debug|Any CPU.Build.0 = Debug|Any CPU
		{5C8475D4-00C2-4D79-9069-8FE09AAEAB9A}.Release|Any CPU.ActiveCfg = Release|Any CPU
		{5C8475D4-00C2-4D79-9069-8FE09AAEAB9A}.Release|Any CPU.Build.0 = Release|Any CPU
	EndGlobalSection
	GlobalSection(SolutionProperties) = preSolution
		HideSolutionNode = FALSE
	EndGlobalSection
	GlobalSection(ExtensibilityGlobals) = postSolution
		SolutionGuid = {3C300954-0B32-458D-A493-726C6244CD0B}
	EndGlobalSection
EndGlobal
